{
  "version": 4,
  "terraform_version": "1.3.7",
  "serial": 4,
  "lineage": "c2a502e9-cbf6-db84-43fe-6aa910b9303f",
  "outputs": {},
  "resources": [
    {
      "mode": "data",
      "type": "aws_ami",
      "name": "ec2_ami_image",
      "provider": "provider[\"registry.terraform.io/hashicorp/aws\"]",
      "instances": [
        {
          "schema_version": 0,
          "attributes": {
            "architecture": "x86_64",
            "arn": "arn:aws:ec2:us-east-1::image/ami-0778521d914d23bc1",
            "block_device_mappings": [
              {
                "device_name": "/dev/sda1",
                "ebs": {
                  "delete_on_termination": "true",
                  "encrypted": "false",
                  "iops": "0",
                  "snapshot_id": "snap-044a2cb95e3fa7b8a",
                  "throughput": "0",
                  "volume_size": "8",
                  "volume_type": "gp2"
                },
                "no_device": "",
                "virtual_name": ""
              },
              {
                "device_name": "/dev/sdb",
                "ebs": {},
                "no_device": "",
                "virtual_name": "ephemeral0"
              },
              {
                "device_name": "/dev/sdc",
                "ebs": {},
                "no_device": "",
                "virtual_name": "ephemeral1"
              }
            ],
            "boot_mode": "",
            "creation_date": "2023-01-13T19:22:52.000Z",
            "deprecation_time": "2025-01-13T19:22:52.000Z",
            "description": "Canonical, Ubuntu, 20.04 LTS, amd64 focal image build on 2023-01-12",
            "ena_support": true,
            "executable_users": null,
            "filter": [
              {
                "name": "architecture",
                "values": [
                  "x86_64"
                ]
              },
              {
                "name": "name",
                "values": [
                  "ubuntu/images/hvm-ssd/ubuntu-focal-20.04-amd64-server-*"
                ]
              },
              {
                "name": "root-device-type",
                "values": [
                  "ebs"
                ]
              },
              {
                "name": "virtualization-type",
                "values": [
                  "hvm"
                ]
              }
            ],
            "hypervisor": "xen",
            "id": "ami-0778521d914d23bc1",
            "image_id": "ami-0778521d914d23bc1",
            "image_location": "amazon/ubuntu/images/hvm-ssd/ubuntu-focal-20.04-amd64-server-20230112",
            "image_owner_alias": "amazon",
            "image_type": "machine",
            "imds_support": "",
            "include_deprecated": false,
            "kernel_id": "",
            "most_recent": true,
            "name": "ubuntu/images/hvm-ssd/ubuntu-focal-20.04-amd64-server-20230112",
            "name_regex": null,
            "owner_id": "099720109477",
            "owners": [
              "amazon"
            ],
            "platform": "",
            "platform_details": "Linux/UNIX",
            "product_codes": [],
            "public": true,
            "ramdisk_id": "",
            "root_device_name": "/dev/sda1",
            "root_device_type": "ebs",
            "root_snapshot_id": "snap-044a2cb95e3fa7b8a",
            "sriov_net_support": "simple",
            "state": "available",
            "state_reason": {
              "code": "UNSET",
              "message": "UNSET"
            },
            "tags": {},
            "timeouts": null,
            "tpm_support": "",
            "usage_operation": "RunInstances",
            "virtualization_type": "hvm"
          },
          "sensitive_attributes": []
        }
      ]
    },
    {
      "mode": "managed",
      "type": "aws_instance",
      "name": "class-ec2-server",
      "provider": "provider[\"registry.terraform.io/hashicorp/aws\"]",
      "instances": [
        {
          "index_key": 0,
          "schema_version": 1,
          "attributes": {
            "ami": "ami-0778521d914d23bc1",
            "arn": "arn:aws:ec2:us-east-1:921781142123:instance/i-0f37512daeeb2e05e",
            "associate_public_ip_address": true,
            "availability_zone": "us-east-1e",
            "capacity_reservation_specification": [
              {
                "capacity_reservation_preference": "open",
                "capacity_reservation_target": []
              }
            ],
            "cpu_core_count": 1,
            "cpu_threads_per_core": 1,
            "credit_specification": [
              {
                "cpu_credits": "standard"
              }
            ],
            "disable_api_stop": false,
            "disable_api_termination": false,
            "ebs_block_device": [],
            "ebs_optimized": false,
            "enclave_options": [
              {
                "enabled": false
              }
            ],
            "ephemeral_block_device": [],
            "get_password_data": false,
            "hibernation": false,
            "host_id": null,
            "host_resource_group_arn": null,
            "iam_instance_profile": "",
            "id": "i-0f37512daeeb2e05e",
            "instance_initiated_shutdown_behavior": "stop",
            "instance_state": "running",
            "instance_type": "t2.micro",
            "ipv6_address_count": 0,
            "ipv6_addresses": [],
            "key_name": "jenkins-slave",
            "launch_template": [],
            "maintenance_options": [
              {
                "auto_recovery": "default"
              }
            ],
            "metadata_options": [
              {
                "http_endpoint": "enabled",
                "http_put_response_hop_limit": 1,
                "http_tokens": "optional",
                "instance_metadata_tags": "disabled"
              }
            ],
            "monitoring": false,
            "network_interface": [],
            "outpost_arn": "",
            "password_data": "",
            "placement_group": "",
            "placement_partition_number": null,
            "primary_network_interface_id": "eni-00311a9bc12625ed8",
            "private_dns": "ip-172-31-62-245.ec2.internal",
            "private_dns_name_options": [
              {
                "enable_resource_name_dns_a_record": false,
                "enable_resource_name_dns_aaaa_record": false,
                "hostname_type": "ip-name"
              }
            ],
            "private_ip": "172.31.62.245",
            "public_dns": "ec2-54-237-61-109.compute-1.amazonaws.com",
            "public_ip": "54.237.61.109",
            "root_block_device": [
              {
                "delete_on_termination": true,
                "device_name": "/dev/sda1",
                "encrypted": false,
                "iops": 100,
                "kms_key_id": "",
                "tags": {},
                "throughput": 0,
                "volume_id": "vol-012f0e97e10617550",
                "volume_size": 8,
                "volume_type": "gp2"
              }
            ],
            "secondary_private_ips": [],
            "security_groups": [
              "nginx-ec2-security-group"
            ],
            "source_dest_check": true,
            "subnet_id": "subnet-09841d44cdc9cddc8",
            "tags": {
              "Name": "nginx-0"
            },
            "tags_all": {
              "Name": "nginx-0"
            },
            "tenancy": "default",
            "timeouts": null,
            "user_data": "ad277421827d857fc64a2c68785bb3c95b502a34",
            "user_data_base64": null,
            "user_data_replace_on_change": false,
            "volume_tags": null,
            "vpc_security_group_ids": [
              "sg-0dd7463352ed65596"
            ]
          },
          "sensitive_attributes": [],
          "private": "eyJlMmJmYjczMC1lY2FhLTExZTYtOGY4OC0zNDM2M2JjN2M0YzAiOnsiY3JlYXRlIjo2MDAwMDAwMDAwMDAsImRlbGV0ZSI6MTIwMDAwMDAwMDAwMCwidXBkYXRlIjo2MDAwMDAwMDAwMDB9LCJzY2hlbWFfdmVyc2lvbiI6IjEifQ==",
          "dependencies": [
            "aws_security_group.class-ec2-server-sg",
            "data.aws_ami.ec2_ami_image"
          ]
        },
        {
          "index_key": 1,
          "schema_version": 1,
          "attributes": {
            "ami": "ami-0778521d914d23bc1",
            "arn": "arn:aws:ec2:us-east-1:921781142123:instance/i-058510b5c5acb4a1d",
            "associate_public_ip_address": true,
            "availability_zone": "us-east-1e",
            "capacity_reservation_specification": [
              {
                "capacity_reservation_preference": "open",
                "capacity_reservation_target": []
              }
            ],
            "cpu_core_count": 1,
            "cpu_threads_per_core": 1,
            "credit_specification": [
              {
                "cpu_credits": "standard"
              }
            ],
            "disable_api_stop": false,
            "disable_api_termination": false,
            "ebs_block_device": [],
            "ebs_optimized": false,
            "enclave_options": [
              {
                "enabled": false
              }
            ],
            "ephemeral_block_device": [],
            "get_password_data": false,
            "hibernation": false,
            "host_id": null,
            "host_resource_group_arn": null,
            "iam_instance_profile": "",
            "id": "i-058510b5c5acb4a1d",
            "instance_initiated_shutdown_behavior": "stop",
            "instance_state": "running",
            "instance_type": "t2.micro",
            "ipv6_address_count": 0,
            "ipv6_addresses": [],
            "key_name": "jenkins-slave",
            "launch_template": [],
            "maintenance_options": [
              {
                "auto_recovery": "default"
              }
            ],
            "metadata_options": [
              {
                "http_endpoint": "enabled",
                "http_put_response_hop_limit": 1,
                "http_tokens": "optional",
                "instance_metadata_tags": "disabled"
              }
            ],
            "monitoring": false,
            "network_interface": [],
            "outpost_arn": "",
            "password_data": "",
            "placement_group": "",
            "placement_partition_number": null,
            "primary_network_interface_id": "eni-03d55dfd801a86bba",
            "private_dns": "ip-172-31-62-23.ec2.internal",
            "private_dns_name_options": [
              {
                "enable_resource_name_dns_a_record": false,
                "enable_resource_name_dns_aaaa_record": false,
                "hostname_type": "ip-name"
              }
            ],
            "private_ip": "172.31.62.23",
            "public_dns": "ec2-54-90-62-6.compute-1.amazonaws.com",
            "public_ip": "54.90.62.6",
            "root_block_device": [
              {
                "delete_on_termination": true,
                "device_name": "/dev/sda1",
                "encrypted": false,
                "iops": 100,
                "kms_key_id": "",
                "tags": {},
                "throughput": 0,
                "volume_id": "vol-045f86da1d72ffd51",
                "volume_size": 8,
                "volume_type": "gp2"
              }
            ],
            "secondary_private_ips": [],
            "security_groups": [
              "nginx-ec2-security-group"
            ],
            "source_dest_check": true,
            "subnet_id": "subnet-09841d44cdc9cddc8",
            "tags": {
              "Name": "nginx-1"
            },
            "tags_all": {
              "Name": "nginx-1"
            },
            "tenancy": "default",
            "timeouts": null,
            "user_data": "ad277421827d857fc64a2c68785bb3c95b502a34",
            "user_data_base64": null,
            "user_data_replace_on_change": false,
            "volume_tags": null,
            "vpc_security_group_ids": [
              "sg-0dd7463352ed65596"
            ]
          },
          "sensitive_attributes": [],
          "private": "eyJlMmJmYjczMC1lY2FhLTExZTYtOGY4OC0zNDM2M2JjN2M0YzAiOnsiY3JlYXRlIjo2MDAwMDAwMDAwMDAsImRlbGV0ZSI6MTIwMDAwMDAwMDAwMCwidXBkYXRlIjo2MDAwMDAwMDAwMDB9LCJzY2hlbWFfdmVyc2lvbiI6IjEifQ==",
          "dependencies": [
            "aws_security_group.class-ec2-server-sg",
            "data.aws_ami.ec2_ami_image"
          ]
        }
      ]
    },
    {
      "mode": "managed",
      "type": "aws_security_group",
      "name": "class-ec2-server-sg",
      "provider": "provider[\"registry.terraform.io/hashicorp/aws\"]",
      "instances": [
        {
          "schema_version": 1,
          "attributes": {
            "arn": "arn:aws:ec2:us-east-1:921781142123:security-group/sg-0dd7463352ed65596",
            "description": "EC2 Security group",
            "egress": [
              {
                "cidr_blocks": [
                  "0.0.0.0/0"
                ],
                "description": "",
                "from_port": 0,
                "ipv6_cidr_blocks": [
                  "::/0"
                ],
                "prefix_list_ids": [],
                "protocol": "-1",
                "security_groups": [],
                "self": false,
                "to_port": 0
              }
            ],
            "id": "sg-0dd7463352ed65596",
            "ingress": [
              {
                "cidr_blocks": [
                  "0.0.0.0/0"
                ],
                "description": "",
                "from_port": 80,
                "ipv6_cidr_blocks": [],
                "prefix_list_ids": [],
                "protocol": "tcp",
                "security_groups": [],
                "self": false,
                "to_port": 80
              },
              {
                "cidr_blocks": [
                  "94.213.52.135/32"
                ],
                "description": "",
                "from_port": 22,
                "ipv6_cidr_blocks": [],
                "prefix_list_ids": [],
                "protocol": "tcp",
                "security_groups": [],
                "self": false,
                "to_port": 22
              }
            ],
            "name": "nginx-ec2-security-group",
            "name_prefix": "",
            "owner_id": "921781142123",
            "revoke_rules_on_delete": false,
            "tags": null,
            "tags_all": {},
            "timeouts": null,
            "vpc_id": "vpc-0f27b8fe4a7ac492c"
          },
          "sensitive_attributes": [],
          "private": "eyJlMmJmYjczMC1lY2FhLTExZTYtOGY4OC0zNDM2M2JjN2M0YzAiOnsiY3JlYXRlIjo2MDAwMDAwMDAwMDAsImRlbGV0ZSI6OTAwMDAwMDAwMDAwfSwic2NoZW1hX3ZlcnNpb24iOiIxIn0="
        }
      ]
    }
  ],
  "check_results": null
}
